
Microsoft Visual Studio Solution File, Format Version 12.00
# Visual Studio 15
VisualStudioVersion = 15.0.28010.2041
MinimumVisualStudioVersion = 10.0.40219.1
Project("{FAE04EC0-301F-11D3-BF4B-00C04F79EFBC}") = "BinarySearchTree", "BinarySearchTree\BinarySearchTree.csproj", "{8FACBAFD-3942-485B-BC07-AB5FB0DADB25}"
EndProject
Project("{FAE04EC0-301F-11D3-BF4B-00C04F79EFBC}") = "BinarySearchTree.Test", "BinarySearchTree.Test\BinarySearchTree.Test.csproj", "{DA89697E-871A-4377-A27E-EA1AA7AE44E6}"
EndProject
Global
	GlobalSection(SolutionConfigurationPlatforms) = preSolution
		Debug|Any CPU = Debug|Any CPU
		Release|Any CPU = Release|Any CPU
	EndGlobalSection
	GlobalSection(ProjectConfigurationPlatforms) = postSolution
		{8FACBAFD-3942-485B-BC07-AB5FB0DADB25}.Debug|Any CPU.ActiveCfg = Debug|Any CPU
		{8FACBAFD-3942-485B-BC07-AB5FB0DADB25}.Debug|Any CPU.Build.0 = Debug|Any CPU
		{8FACBAFD-3942-485B-BC07-AB5FB0DADB25}.Release|Any CPU.ActiveCfg = Release|Any CPU
		{8FACBAFD-3942-485B-BC07-AB5FB0DADB25}.Release|Any CPU.Build.0 = Release|Any CPU
		{DA89697E-871A-4377-A27E-EA1AA7AE44E6}.Debug|Any CPU.ActiveCfg = Debug|Any CPU
		{DA89697E-871A-4377-A27E-EA1AA7AE44E6}.Debug|Any CPU.Build.0 = Debug|Any CPU
		{DA89697E-871A-4377-A27E-EA1AA7AE44E6}.Release|Any CPU.ActiveCfg = Release|Any CPU
		{DA89697E-871A-4377-A27E-EA1AA7AE44E6}.Release|Any CPU.Build.0 = Release|Any CPU
	EndGlobalSection
	GlobalSection(SolutionProperties) = preSolution
		HideSolutionNode = FALSE
	EndGlobalSection
	GlobalSection(ExtensibilityGlobals) = postSolution
		SolutionGuid = {A20D881F-7F10-4F4D-B01F-CCCA2516BF23}
	EndGlobalSection
EndGlobal
